# generated by rye
# use `rye lock` or `rye sync` to update this lockfile
#
# last locked with the following flags:
#   pre: false
#   features: []
#   all-features: false
#   with-sources: false
#   generate-hashes: false
#   universal: false

-e file:.
anndata==0.11.3
    # via cellcommunicationpf2
array-api-compat==1.10.0
    # via anndata
autograd==1.7.0
    # via cellcommunicationpf2
cupy==13.3.0
    # via cellcommunicationpf2
fastrlock==0.8.3
    # via cupy
h5py==3.12.1
    # via anndata
joblib==1.4.2
    # via scikit-learn
natsort==8.4.0
    # via anndata
numpy==2.0.2
    # via anndata
    # via autograd
    # via cellcommunicationpf2
    # via cupy
    # via h5py
    # via pandas
    # via pymanopt
    # via scikit-learn
    # via scipy
    # via tensorly
packaging==24.2
    # via anndata
pandas==2.2.3
    # via anndata
pymanopt==2.2.1
    # via cellcommunicationpf2
python-dateutil==2.9.0.post0
    # via pandas
pytz==2025.1
    # via pandas
scikit-learn==1.5.2
    # via cellcommunicationpf2
scipy==1.14.1
    # via anndata
    # via cellcommunicationpf2
    # via pymanopt
    # via scikit-learn
    # via tensorly
six==1.17.0
    # via python-dateutil
tensorly==0.9.0
    # via cellcommunicationpf2
threadpoolctl==3.5.0
    # via scikit-learn
tzdata==2025.1
    # via pandas
