# generated by rye
# use `rye lock` or `rye sync` to update this lockfile
#
# last locked with the following flags:
#   pre: false
#   features: []
#   all-features: false
#   with-sources: false
#   generate-hashes: false
#   universal: false

-e file:.
autograd==1.7.0
    # via cellcommunicationpf2
numpy==2.0.2
    # via autograd
    # via cellcommunicationpf2
    # via pymanopt
    # via scipy
pymanopt==2.2.1
    # via cellcommunicationpf2
scipy==1.14.1
    # via cellcommunicationpf2
    # via pymanopt
